
Microsoft Visual Studio Solution File, Format Version 12.00
# Visual Studio Version 17
VisualStudioVersion = 17.11.35327.3
MinimumVisualStudioVersion = 10.0.40219.1
Project("{9A19103F-16F7-4668-BE54-9A1E7A4F7556}") = "ScreenSaverSetter", "ScreenSaverSetter\ScreenSaverSetter.csproj", "{EA43643A-1488-452E-9786-0BF2DC3201B3}"
EndProject
Project("{FAE04EC0-301F-11D3-BF4B-00C04F79EFBC}") = "ScreenSaverSetter.Cmd", "ScreenSaverSetter.Cmd\ScreenSaverSetter.Cmd.csproj", "{FD47C863-BDBA-441C-B01D-A6373872827B}"
EndProject
Project("{FAE04EC0-301F-11D3-BF4B-00C04F79EFBC}") = "ScreenSaverSetter48", "ScreenSaverSetter48\ScreenSaverSetter48.csproj", "{D51D7620-DED5-461A-AD48-FE33E19C2E09}"
EndProject
Global
	GlobalSection(SolutionConfigurationPlatforms) = preSolution
		Debug|Any CPU = Debug|Any CPU
		Release|Any CPU = Release|Any CPU
	EndGlobalSection
	GlobalSection(ProjectConfigurationPlatforms) = postSolution
		{EA43643A-1488-452E-9786-0BF2DC3201B3}.Debug|Any CPU.ActiveCfg = Debug|Any CPU
		{EA43643A-1488-452E-9786-0BF2DC3201B3}.Debug|Any CPU.Build.0 = Debug|Any CPU
		{EA43643A-1488-452E-9786-0BF2DC3201B3}.Release|Any CPU.ActiveCfg = Release|Any CPU
		{EA43643A-1488-452E-9786-0BF2DC3201B3}.Release|Any CPU.Build.0 = Release|Any CPU
		{FD47C863-BDBA-441C-B01D-A6373872827B}.Debug|Any CPU.ActiveCfg = Debug|Any CPU
		{FD47C863-BDBA-441C-B01D-A6373872827B}.Debug|Any CPU.Build.0 = Debug|Any CPU
		{FD47C863-BDBA-441C-B01D-A6373872827B}.Release|Any CPU.ActiveCfg = Release|Any CPU
		{FD47C863-BDBA-441C-B01D-A6373872827B}.Release|Any CPU.Build.0 = Release|Any CPU
		{D51D7620-DED5-461A-AD48-FE33E19C2E09}.Debug|Any CPU.ActiveCfg = Debug|Any CPU
		{D51D7620-DED5-461A-AD48-FE33E19C2E09}.Debug|Any CPU.Build.0 = Debug|Any CPU
		{D51D7620-DED5-461A-AD48-FE33E19C2E09}.Release|Any CPU.ActiveCfg = Release|Any CPU
		{D51D7620-DED5-461A-AD48-FE33E19C2E09}.Release|Any CPU.Build.0 = Release|Any CPU
	EndGlobalSection
	GlobalSection(SolutionProperties) = preSolution
		HideSolutionNode = FALSE
	EndGlobalSection
	GlobalSection(ExtensibilityGlobals) = postSolution
		SolutionGuid = {48DB440C-21FE-4AF8-8687-6C9638642D60}
	EndGlobalSection
EndGlobal
